// !$*UTF8*$!
{
	archiveVersion = 1;
	classes = {
	};
	objectVersion = 55;
	objects = {

/* Begin PBXBuildFile section */
		F84C3354284BE0DE00A50712 /* AppDelegate.swift in Sources */ = {isa = PBXBuildFile; fileRef = F84C3353284BE0DE00A50712 /* AppDelegate.swift */; };
		F84C3358284BE0DE00A50712 /* HomeViewController.swift in Sources */ = {isa = PBXBuildFile; fileRef = F84C3357284BE0DE00A50712 /* HomeViewController.swift */; };
		F84C335D284BE0E100A50712 /* Assets.xcassets in Resources */ = {isa = PBXBuildFile; fileRef = F84C335C284BE0E100A50712 /* Assets.xcassets */; };
		F84C3360284BE0E100A50712 /* LaunchScreen.storyboard in Resources */ = {isa = PBXBuildFile; fileRef = F84C335E284BE0E100A50712 /* LaunchScreen.storyboard */; };
		F84C3369284BE4D000A50712 /* Localizable.strings in Resources */ = {isa = PBXBuildFile; fileRef = F84C3368284BE4D000A50712 /* Localizable.strings */; };
		F84C336B284BE50800A50712 /* LocalizedString.swift in Sources */ = {isa = PBXBuildFile; fileRef = F84C336A284BE50800A50712 /* LocalizedString.swift */; };
		F84C336D284BE69E00A50712 /* Constants.swift in Sources */ = {isa = PBXBuildFile; fileRef = F84C336C284BE69E00A50712 /* Constants.swift */; };
		F84C336F284BE90400A50712 /* StarBucksViewController.swift in Sources */ = {isa = PBXBuildFile; fileRef = F84C336E284BE90400A50712 /* StarBucksViewController.swift */; };
		F84C3371284BE9D900A50712 /* ScanViewController.swift in Sources */ = {isa = PBXBuildFile; fileRef = F84C3370284BE9D900A50712 /* ScanViewController.swift */; };
		F84C3373284BEB1000A50712 /* OrderViewController.swift in Sources */ = {isa = PBXBuildFile; fileRef = F84C3372284BEB1000A50712 /* OrderViewController.swift */; };
		F84C3375284BEB3C00A50712 /* GiftViewController.swift in Sources */ = {isa = PBXBuildFile; fileRef = F84C3374284BEB3C00A50712 /* GiftViewController.swift */; };
		F84C3377284BEC6B00A50712 /* StoreViewController.swift in Sources */ = {isa = PBXBuildFile; fileRef = F84C3376284BEC6B00A50712 /* StoreViewController.swift */; };
		F84C337E284BFA3C00A50712 /* Font+Extension.swift in Sources */ = {isa = PBXBuildFile; fileRef = F84C337D284BFA3C00A50712 /* Font+Extension.swift */; };
		F8518713284CF8A8004C05E8 /* HomeHeaderView.swift in Sources */ = {isa = PBXBuildFile; fileRef = F8518712284CF8A8004C05E8 /* HomeHeaderView.swift */; };
/* End PBXBuildFile section */

/* Begin PBXFileReference section */
		F84C3350284BE0DE00A50712 /* StarbucksApp.app */ = {isa = PBXFileReference; explicitFileType = wrapper.application; includeInIndex = 0; path = StarbucksApp.app; sourceTree = BUILT_PRODUCTS_DIR; };
		F84C3353284BE0DE00A50712 /* AppDelegate.swift */ = {isa = PBXFileReference; lastKnownFileType = sourcecode.swift; path = AppDelegate.swift; sourceTree = "<group>"; };
		F84C3357284BE0DE00A50712 /* HomeViewController.swift */ = {isa = PBXFileReference; lastKnownFileType = sourcecode.swift; path = HomeViewController.swift; sourceTree = "<group>"; };
		F84C335C284BE0E100A50712 /* Assets.xcassets */ = {isa = PBXFileReference; lastKnownFileType = folder.assetcatalog; path = Assets.xcassets; sourceTree = "<group>"; };
		F84C335F284BE0E100A50712 /* Base */ = {isa = PBXFileReference; lastKnownFileType = file.storyboard; name = Base; path = Base.lproj/LaunchScreen.storyboard; sourceTree = "<group>"; };
		F84C3361284BE0E100A50712 /* Info.plist */ = {isa = PBXFileReference; lastKnownFileType = text.plist.xml; path = Info.plist; sourceTree = "<group>"; };
		F84C3368284BE4D000A50712 /* Localizable.strings */ = {isa = PBXFileReference; lastKnownFileType = text.plist.strings; path = Localizable.strings; sourceTree = "<group>"; };
		F84C336A284BE50800A50712 /* LocalizedString.swift */ = {isa = PBXFileReference; lastKnownFileType = sourcecode.swift; path = LocalizedString.swift; sourceTree = "<group>"; };
		F84C336C284BE69E00A50712 /* Constants.swift */ = {isa = PBXFileReference; lastKnownFileType = sourcecode.swift; path = Constants.swift; sourceTree = "<group>"; };
		F84C336E284BE90400A50712 /* StarBucksViewController.swift */ = {isa = PBXFileReference; lastKnownFileType = sourcecode.swift; path = StarBucksViewController.swift; sourceTree = "<group>"; };
		F84C3370284BE9D900A50712 /* ScanViewController.swift */ = {isa = PBXFileReference; lastKnownFileType = sourcecode.swift; path = ScanViewController.swift; sourceTree = "<group>"; };
		F84C3372284BEB1000A50712 /* OrderViewController.swift */ = {isa = PBXFileReference; lastKnownFileType = sourcecode.swift; path = OrderViewController.swift; sourceTree = "<group>"; };
		F84C3374284BEB3C00A50712 /* GiftViewController.swift */ = {isa = PBXFileReference; lastKnownFileType = sourcecode.swift; path = GiftViewController.swift; sourceTree = "<group>"; };
		F84C3376284BEC6B00A50712 /* StoreViewController.swift */ = {isa = PBXFileReference; lastKnownFileType = sourcecode.swift; path = StoreViewController.swift; sourceTree = "<group>"; };
		F84C337D284BFA3C00A50712 /* Font+Extension.swift */ = {isa = PBXFileReference; lastKnownFileType = sourcecode.swift; path = "Font+Extension.swift"; sourceTree = "<group>"; };
		F8518712284CF8A8004C05E8 /* HomeHeaderView.swift */ = {isa = PBXFileReference; lastKnownFileType = sourcecode.swift; path = HomeHeaderView.swift; sourceTree = "<group>"; };
/* End PBXFileReference section */

/* Begin PBXFrameworksBuildPhase section */
		F84C334D284BE0DE00A50712 /* Frameworks */ = {
			isa = PBXFrameworksBuildPhase;
			buildActionMask = 2147483647;
			files = (
			);
			runOnlyForDeploymentPostprocessing = 0;
		};
/* End PBXFrameworksBuildPhase section */

/* Begin PBXGroup section */
		F84C3347284BE0DE00A50712 = {
			isa = PBXGroup;
			children = (
				F84C3352284BE0DE00A50712 /* StarbucksApp */,
				F84C3351284BE0DE00A50712 /* Products */,
			);
			sourceTree = "<group>";
		};
		F84C3351284BE0DE00A50712 /* Products */ = {
			isa = PBXGroup;
			children = (
				F84C3350284BE0DE00A50712 /* StarbucksApp.app */,
			);
			name = Products;
			sourceTree = "<group>";
		};
		F84C3352284BE0DE00A50712 /* StarbucksApp */ = {
			isa = PBXGroup;
			children = (
				F84C337C284BED0E00A50712 /* Store */,
				F84C337B284BED0500A50712 /* Gift */,
				F84C337A284BECFF00A50712 /* Order */,
				F84C3379284BECF400A50712 /* Scan */,
				F84C3378284BECED00A50712 /* Home */,
				F84C3367284BE20500A50712 /* Helpers */,
				F84C3353284BE0DE00A50712 /* AppDelegate.swift */,
				F84C336E284BE90400A50712 /* StarBucksViewController.swift */,
			);
			path = StarbucksApp;
			sourceTree = "<group>";
		};
		F84C3367284BE20500A50712 /* Helpers */ = {
			isa = PBXGroup;
			children = (
				F84C337D284BFA3C00A50712 /* Font+Extension.swift */,
				F84C336C284BE69E00A50712 /* Constants.swift */,
				F84C335C284BE0E100A50712 /* Assets.xcassets */,
				F84C3368284BE4D000A50712 /* Localizable.strings */,
				F84C335E284BE0E100A50712 /* LaunchScreen.storyboard */,
				F84C336A284BE50800A50712 /* LocalizedString.swift */,
				F84C3361284BE0E100A50712 /* Info.plist */,
			);
			path = Helpers;
			sourceTree = "<group>";
		};
		F84C3378284BECED00A50712 /* Home */ = {
			isa = PBXGroup;
			children = (
				F84C3357284BE0DE00A50712 /* HomeViewController.swift */,
				F8518712284CF8A8004C05E8 /* HomeHeaderView.swift */,
			);
			path = Home;
			sourceTree = "<group>";
		};
		F84C3379284BECF400A50712 /* Scan */ = {
			isa = PBXGroup;
			children = (
				F84C3370284BE9D900A50712 /* ScanViewController.swift */,
			);
			path = Scan;
			sourceTree = "<group>";
		};
		F84C337A284BECFF00A50712 /* Order */ = {
			isa = PBXGroup;
			children = (
				F84C3372284BEB1000A50712 /* OrderViewController.swift */,
			);
			path = Order;
			sourceTree = "<group>";
		};
		F84C337B284BED0500A50712 /* Gift */ = {
			isa = PBXGroup;
			children = (
				F84C3374284BEB3C00A50712 /* GiftViewController.swift */,
			);
			path = Gift;
			sourceTree = "<group>";
		};
		F84C337C284BED0E00A50712 /* Store */ = {
			isa = PBXGroup;
			children = (
				F84C3376284BEC6B00A50712 /* StoreViewController.swift */,
			);
			path = Store;
			sourceTree = "<group>";
		};
/* End PBXGroup section */

/* Begin PBXNativeTarget section */
		F84C334F284BE0DE00A50712 /* StarbucksApp */ = {
			isa = PBXNativeTarget;
			buildConfigurationList = F84C3364284BE0E100A50712 /* Build configuration list for PBXNativeTarget "StarbucksApp" */;
			buildPhases = (
				F84C334C284BE0DE00A50712 /* Sources */,
				F84C334D284BE0DE00A50712 /* Frameworks */,
				F84C334E284BE0DE00A50712 /* Resources */,
			);
			buildRules = (
			);
			dependencies = (
			);
			name = StarbucksApp;
			productName = StarbucksApp;
			productReference = F84C3350284BE0DE00A50712 /* StarbucksApp.app */;
			productType = "com.apple.product-type.application";
		};
/* End PBXNativeTarget section */

/* Begin PBXProject section */
		F84C3348284BE0DE00A50712 /* Project object */ = {
			isa = PBXProject;
			attributes = {
				BuildIndependentTargetsInParallel = 1;
				LastSwiftUpdateCheck = 1330;
				LastUpgradeCheck = 1330;
				TargetAttributes = {
					F84C334F284BE0DE00A50712 = {
						CreatedOnToolsVersion = 13.3.1;
					};
				};
			};
			buildConfigurationList = F84C334B284BE0DE00A50712 /* Build configuration list for PBXProject "StarbucksApp" */;
			compatibilityVersion = "Xcode 13.0";
			developmentRegion = en;
			hasScannedForEncodings = 0;
			knownRegions = (
				en,
				Base,
			);
			mainGroup = F84C3347284BE0DE00A50712;
			productRefGroup = F84C3351284BE0DE00A50712 /* Products */;
			projectDirPath = "";
			projectRoot = "";
			targets = (
				F84C334F284BE0DE00A50712 /* StarbucksApp */,
			);
		};
/* End PBXProject section */

/* Begin PBXResourcesBuildPhase section */
		F84C334E284BE0DE00A50712 /* Resources */ = {
			isa = PBXResourcesBuildPhase;
			buildActionMask = 2147483647;
			files = (
				F84C3360284BE0E100A50712 /* LaunchScreen.storyboard in Resources */,
				F84C3369284BE4D000A50712 /* Localizable.strings in Resources */,
				F84C335D284BE0E100A50712 /* Assets.xcassets in Resources */,
			);
			runOnlyForDeploymentPostprocessing = 0;
		};
/* End PBXResourcesBuildPhase section */

/* Begin PBXSourcesBuildPhase section */
		F84C334C284BE0DE00A50712 /* Sources */ = {
			isa = PBXSourcesBuildPhase;
			buildActionMask = 2147483647;
			files = (
				F84C336F284BE90400A50712 /* StarBucksViewController.swift in Sources */,
				F84C3358284BE0DE00A50712 /* HomeViewController.swift in Sources */,
				F84C3354284BE0DE00A50712 /* AppDelegate.swift in Sources */,
				F84C3373284BEB1000A50712 /* OrderViewController.swift in Sources */,
				F84C3375284BEB3C00A50712 /* GiftViewController.swift in Sources */,
				F84C3377284BEC6B00A50712 /* StoreViewController.swift in Sources */,
				F8518713284CF8A8004C05E8 /* HomeHeaderView.swift in Sources */,
				F84C337E284BFA3C00A50712 /* Font+Extension.swift in Sources */,
				F84C336B284BE50800A50712 /* LocalizedString.swift in Sources */,
				F84C336D284BE69E00A50712 /* Constants.swift in Sources */,
				F84C3371284BE9D900A50712 /* ScanViewController.swift in Sources */,
			);
			runOnlyForDeploymentPostprocessing = 0;
		};
/* End PBXSourcesBuildPhase section */

/* Begin PBXVariantGroup section */
		F84C335E284BE0E100A50712 /* LaunchScreen.storyboard */ = {
			isa = PBXVariantGroup;
			children = (
				F84C335F284BE0E100A50712 /* Base */,
			);
			name = LaunchScreen.storyboard;
			sourceTree = "<group>";
		};
/* End PBXVariantGroup section */

/* Begin XCBuildConfiguration section */
		F84C3362284BE0E100A50712 /* Debug */ = {
			isa = XCBuildConfiguration;
			buildSettings = {
				ALWAYS_SEARCH_USER_PATHS = NO;
				CLANG_ANALYZER_NONNULL = YES;
				CLANG_ANALYZER_NUMBER_OBJECT_CONVERSION = YES_AGGRESSIVE;
				CLANG_CXX_LANGUAGE_STANDARD = "gnu++17";
				CLANG_ENABLE_MODULES = YES;
				CLANG_ENABLE_OBJC_ARC = YES;
				CLANG_ENABLE_OBJC_WEAK = YES;
				CLANG_WARN_BLOCK_CAPTURE_AUTORELEASING = YES;
				CLANG_WARN_BOOL_CONVERSION = YES;
				CLANG_WARN_COMMA = YES;
				CLANG_WARN_CONSTANT_CONVERSION = YES;
				CLANG_WARN_DEPRECATED_OBJC_IMPLEMENTATIONS = YES;
				CLANG_WARN_DIRECT_OBJC_ISA_USAGE = YES_ERROR;
				CLANG_WARN_DOCUMENTATION_COMMENTS = YES;
				CLANG_WARN_EMPTY_BODY = YES;
				CLANG_WARN_ENUM_CONVERSION = YES;
				CLANG_WARN_INFINITE_RECURSION = YES;
				CLANG_WARN_INT_CONVERSION = YES;
				CLANG_WARN_NON_LITERAL_NULL_CONVERSION = YES;
				CLANG_WARN_OBJC_IMPLICIT_RETAIN_SELF = YES;
				CLANG_WARN_OBJC_LITERAL_CONVERSION = YES;
				CLANG_WARN_OBJC_ROOT_CLASS = YES_ERROR;
				CLANG_WARN_QUOTED_INCLUDE_IN_FRAMEWORK_HEADER = YES;
				CLANG_WARN_RANGE_LOOP_ANALYSIS = YES;
				CLANG_WARN_STRICT_PROTOTYPES = YES;
				CLANG_WARN_SUSPICIOUS_MOVE = YES;
				CLANG_WARN_UNGUARDED_AVAILABILITY = YES_AGGRESSIVE;
				CLANG_WARN_UNREACHABLE_CODE = YES;
				CLANG_WARN__DUPLICATE_METHOD_MATCH = YES;
				COPY_PHASE_STRIP = NO;
				DEBUG_INFORMATION_FORMAT = dwarf;
				ENABLE_STRICT_OBJC_MSGSEND = YES;
				ENABLE_TESTABILITY = YES;
				GCC_C_LANGUAGE_STANDARD = gnu11;
				GCC_DYNAMIC_NO_PIC = NO;
				GCC_NO_COMMON_BLOCKS = YES;
				GCC_OPTIMIZATION_LEVEL = 0;
				GCC_PREPROCESSOR_DEFINITIONS = (
					"DEBUG=1",
					"$(inherited)",
				);
				GCC_WARN_64_TO_32_BIT_CONVERSION = YES;
				GCC_WARN_ABOUT_RETURN_TYPE = YES_ERROR;
				GCC_WARN_UNDECLARED_SELECTOR = YES;
				GCC_WARN_UNINITIALIZED_AUTOS = YES_AGGRESSIVE;
				GCC_WARN_UNUSED_FUNCTION = YES;
				GCC_WARN_UNUSED_VARIABLE = YES;
				IPHONEOS_DEPLOYMENT_TARGET = 15.4;
				MTL_ENABLE_DEBUG_INFO = INCLUDE_SOURCE;
				MTL_FAST_MATH = YES;
				ONLY_ACTIVE_ARCH = YES;
				SDKROOT = iphoneos;
				SWIFT_ACTIVE_COMPILATION_CONDITIONS = DEBUG;
				SWIFT_OPTIMIZATION_LEVEL = "-Onone";
			};
			name = Debug;
		};
		F84C3363284BE0E100A50712 /* Release */ = {
			isa = XCBuildConfiguration;
			buildSettings = {
				ALWAYS_SEARCH_USER_PATHS = NO;
				CLANG_ANALYZER_NONNULL = YES;
				CLANG_ANALYZER_NUMBER_OBJECT_CONVERSION = YES_AGGRESSIVE;
				CLANG_CXX_LANGUAGE_STANDARD = "gnu++17";
				CLANG_ENABLE_MODULES = YES;
				CLANG_ENABLE_OBJC_ARC = YES;
				CLANG_ENABLE_OBJC_WEAK = YES;
				CLANG_WARN_BLOCK_CAPTURE_AUTORELEASING = YES;
				CLANG_WARN_BOOL_CONVERSION = YES;
				CLANG_WARN_COMMA = YES;
				CLANG_WARN_CONSTANT_CONVERSION = YES;
				CLANG_WARN_DEPRECATED_OBJC_IMPLEMENTATIONS = YES;
				CLANG_WARN_DIRECT_OBJC_ISA_USAGE = YES_ERROR;
				CLANG_WARN_DOCUMENTATION_COMMENTS = YES;
				CLANG_WARN_EMPTY_BODY = YES;
				CLANG_WARN_ENUM_CONVERSION = YES;
				CLANG_WARN_INFINITE_RECURSION = YES;
				CLANG_WARN_INT_CONVERSION = YES;
				CLANG_WARN_NON_LITERAL_NULL_CONVERSION = YES;
				CLANG_WARN_OBJC_IMPLICIT_RETAIN_SELF = YES;
				CLANG_WARN_OBJC_LITERAL_CONVERSION = YES;
				CLANG_WARN_OBJC_ROOT_CLASS = YES_ERROR;
				CLANG_WARN_QUOTED_INCLUDE_IN_FRAMEWORK_HEADER = YES;
				CLANG_WARN_RANGE_LOOP_ANALYSIS = YES;
				CLANG_WARN_STRICT_PROTOTYPES = YES;
				CLANG_WARN_SUSPICIOUS_MOVE = YES;
				CLANG_WARN_UNGUARDED_AVAILABILITY = YES_AGGRESSIVE;
				CLANG_WARN_UNREACHABLE_CODE = YES;
				CLANG_WARN__DUPLICATE_METHOD_MATCH = YES;
				COPY_PHASE_STRIP = NO;
				DEBUG_INFORMATION_FORMAT = "dwarf-with-dsym";
				ENABLE_NS_ASSERTIONS = NO;
				ENABLE_STRICT_OBJC_MSGSEND = YES;
				GCC_C_LANGUAGE_STANDARD = gnu11;
				GCC_NO_COMMON_BLOCKS = YES;
				GCC_WARN_64_TO_32_BIT_CONVERSION = YES;
				GCC_WARN_ABOUT_RETURN_TYPE = YES_ERROR;
				GCC_WARN_UNDECLARED_SELECTOR = YES;
				GCC_WARN_UNINITIALIZED_AUTOS = YES_AGGRESSIVE;
				GCC_WARN_UNUSED_FUNCTION = YES;
				GCC_WARN_UNUSED_VARIABLE = YES;
				IPHONEOS_DEPLOYMENT_TARGET = 15.4;
				MTL_ENABLE_DEBUG_INFO = NO;
				MTL_FAST_MATH = YES;
				SDKROOT = iphoneos;
				SWIFT_COMPILATION_MODE = wholemodule;
				SWIFT_OPTIMIZATION_LEVEL = "-O";
				VALIDATE_PRODUCT = YES;
			};
			name = Release;
		};
		F84C3365284BE0E100A50712 /* Debug */ = {
			isa = XCBuildConfiguration;
			buildSettings = {
				ASSETCATALOG_COMPILER_APPICON_NAME = AppIcon;
				ASSETCATALOG_COMPILER_GLOBAL_ACCENT_COLOR_NAME = AccentColor;
				CODE_SIGN_STYLE = Automatic;
				CURRENT_PROJECT_VERSION = 1;
				DEVELOPMENT_TEAM = F6WH3S8GMZ;
				GENERATE_INFOPLIST_FILE = YES;
				INFOPLIST_FILE = StarbucksApp/Info.plist;
				INFOPLIST_KEY_UIApplicationSupportsIndirectInputEvents = YES;
				INFOPLIST_KEY_UILaunchStoryboardName = LaunchScreen;
				INFOPLIST_KEY_UISupportedInterfaceOrientations_iPad = "UIInterfaceOrientationPortrait UIInterfaceOrientationPortraitUpsideDown UIInterfaceOrientationLandscapeLeft UIInterfaceOrientationLandscapeRight";
				INFOPLIST_KEY_UISupportedInterfaceOrientations_iPhone = "UIInterfaceOrientationPortrait UIInterfaceOrientationLandscapeLeft UIInterfaceOrientationLandscapeRight";
				IPHONEOS_DEPLOYMENT_TARGET = 14.0;
				LD_RUNPATH_SEARCH_PATHS = (
					"$(inherited)",
					"@executable_path/Frameworks",
				);
				MARKETING_VERSION = 1.0;
				PRODUCT_BUNDLE_IDENTIFIER = co.MarinaRiad.StarbucksApp;
				PRODUCT_NAME = "$(TARGET_NAME)";
				SWIFT_EMIT_LOC_STRINGS = YES;
				SWIFT_VERSION = 5.0;
				TARGETED_DEVICE_FAMILY = "1,2";
			};
			name = Debug;
		};
		F84C3366284BE0E100A50712 /* Release */ = {
			isa = XCBuildConfiguration;
			buildSettings = {
				ASSETCATALOG_COMPILER_APPICON_NAME = AppIcon;
				ASSETCATALOG_COMPILER_GLOBAL_ACCENT_COLOR_NAME = AccentColor;
				CODE_SIGN_STYLE = Automatic;
				CURRENT_PROJECT_VERSION = 1;
				DEVELOPMENT_TEAM = F6WH3S8GMZ;
				GENERATE_INFOPLIST_FILE = YES;
				INFOPLIST_FILE = StarbucksApp/Info.plist;
				INFOPLIST_KEY_UIApplicationSupportsIndirectInputEvents = YES;
				INFOPLIST_KEY_UILaunchStoryboardName = LaunchScreen;
				INFOPLIST_KEY_UISupportedInterfaceOrientations_iPad = "UIInterfaceOrientationPortrait UIInterfaceOrientationPortraitUpsideDown UIInterfaceOrientationLandscapeLeft UIInterfaceOrientationLandscapeRight";
				INFOPLIST_KEY_UISupportedInterfaceOrientations_iPhone = "UIInterfaceOrientationPortrait UIInterfaceOrientationLandscapeLeft UIInterfaceOrientationLandscapeRight";
				IPHONEOS_DEPLOYMENT_TARGET = 14.0;
				LD_RUNPATH_SEARCH_PATHS = (
					"$(inherited)",
					"@executable_path/Frameworks",
				);
				MARKETING_VERSION = 1.0;
				PRODUCT_BUNDLE_IDENTIFIER = co.MarinaRiad.StarbucksApp;
				PRODUCT_NAME = "$(TARGET_NAME)";
				SWIFT_EMIT_LOC_STRINGS = YES;
				SWIFT_VERSION = 5.0;
				TARGETED_DEVICE_FAMILY = "1,2";
			};
			name = Release;
		};
/* End XCBuildConfiguration section */

/* Begin XCConfigurationList section */
		F84C334B284BE0DE00A50712 /* Build configuration list for PBXProject "StarbucksApp" */ = {
			isa = XCConfigurationList;
			buildConfigurations = (
				F84C3362284BE0E100A50712 /* Debug */,
				F84C3363284BE0E100A50712 /* Release */,
			);
			defaultConfigurationIsVisible = 0;
			defaultConfigurationName = Release;
		};
		F84C3364284BE0E100A50712 /* Build configuration list for PBXNativeTarget "StarbucksApp" */ = {
			isa = XCConfigurationList;
			buildConfigurations = (
				F84C3365284BE0E100A50712 /* Debug */,
				F84C3366284BE0E100A50712 /* Release */,
			);
			defaultConfigurationIsVisible = 0;
			defaultConfigurationName = Release;
		};
/* End XCConfigurationList section */
	};
	rootObject = F84C3348284BE0DE00A50712 /* Project object */;
}
